
Microsoft Visual Studio Solution File, Format Version 12.00
# Visual Studio Version 17
VisualStudioVersion = 17.10.35027.167
MinimumVisualStudioVersion = 10.0.40219.1
Project("{9A19103F-16F7-4668-BE54-9A1E7A4F7556}") = "Movies.Api", "Movies.Api\Movies.Api.csproj", "{BFB6F017-7821-4671-96FF-72BC96F60156}"
EndProject
Project("{9A19103F-16F7-4668-BE54-9A1E7A4F7556}") = "Movies.Application", "..\Movies.Application\Movies.Application.csproj", "{6A2A23D2-A942-45DE-96C9-26A0AA6DC835}"
EndProject
Project("{9A19103F-16F7-4668-BE54-9A1E7A4F7556}") = "Movies.Contracts", "..\Movies.Contracts\Movies.Contracts.csproj", "{4DE1A23C-8453-41C1-972E-AE1E303DE924}"
EndProject
Global
	GlobalSection(SolutionConfigurationPlatforms) = preSolution
		Debug|Any CPU = Debug|Any CPU
		Release|Any CPU = Release|Any CPU
	EndGlobalSection
	GlobalSection(ProjectConfigurationPlatforms) = postSolution
		{BFB6F017-7821-4671-96FF-72BC96F60156}.Debug|Any CPU.ActiveCfg = Debug|Any CPU
		{BFB6F017-7821-4671-96FF-72BC96F60156}.Debug|Any CPU.Build.0 = Debug|Any CPU
		{BFB6F017-7821-4671-96FF-72BC96F60156}.Release|Any CPU.ActiveCfg = Release|Any CPU
		{BFB6F017-7821-4671-96FF-72BC96F60156}.Release|Any CPU.Build.0 = Release|Any CPU
		{6A2A23D2-A942-45DE-96C9-26A0AA6DC835}.Debug|Any CPU.ActiveCfg = Debug|Any CPU
		{6A2A23D2-A942-45DE-96C9-26A0AA6DC835}.Debug|Any CPU.Build.0 = Debug|Any CPU
		{6A2A23D2-A942-45DE-96C9-26A0AA6DC835}.Release|Any CPU.ActiveCfg = Release|Any CPU
		{6A2A23D2-A942-45DE-96C9-26A0AA6DC835}.Release|Any CPU.Build.0 = Release|Any CPU
		{4DE1A23C-8453-41C1-972E-AE1E303DE924}.Debug|Any CPU.ActiveCfg = Debug|Any CPU
		{4DE1A23C-8453-41C1-972E-AE1E303DE924}.Debug|Any CPU.Build.0 = Debug|Any CPU
		{4DE1A23C-8453-41C1-972E-AE1E303DE924}.Release|Any CPU.ActiveCfg = Release|Any CPU
		{4DE1A23C-8453-41C1-972E-AE1E303DE924}.Release|Any CPU.Build.0 = Release|Any CPU
	EndGlobalSection
	GlobalSection(SolutionProperties) = preSolution
		HideSolutionNode = FALSE
	EndGlobalSection
	GlobalSection(ExtensibilityGlobals) = postSolution
		SolutionGuid = {67D4390C-B96E-4A60-A6D3-2878E0E3A600}
	EndGlobalSection
EndGlobal
